PODS:
  - couchbase-lite-ios (1.4.0):
    - couchbase-lite-ios/SQLite (= 1.4.0)
  - couchbase-lite-ios/SQLite (1.4.0)

DEPENDENCIES:
  - couchbase-lite-ios (~> 1.4.0)

SPEC CHECKSUMS:
  couchbase-lite-ios: 5b9f59ce74c2d981c41795f0949d31354d90c459

PODFILE CHECKSUM: 2e93e636e6b1eab0e6d42e15377ff69c252121e4

COCOAPODS: 1.4.0.beta.2
